
Microsoft Visual Studio Solution File, Format Version 12.00
# Visual Studio Version 17
VisualStudioVersion = 17.4.33213.308
MinimumVisualStudioVersion = 10.0.40219.1
Project("{9A19103F-16F7-4668-BE54-9A1E7A4F7556}") = "Client", "Client\Client.csproj", "{96CA9837-F7B2-4835-BCF9-40D8C8D4981E}"
EndProject
Project("{9A19103F-16F7-4668-BE54-9A1E7A4F7556}") = "LibraryCore", "LibraryCore\LibraryCore.csproj", "{C47F32FA-4C04-4143-B4FE-623D4B014D0D}"
EndProject
Global
	GlobalSection(SolutionConfigurationPlatforms) = preSolution
		Debug|Any CPU = Debug|Any CPU
		Debug|x64 = Debug|x64
		Debug|x86 = Debug|x86
		Release|Any CPU = Release|Any CPU
		Release|x64 = Release|x64
		Release|x86 = Release|x86
	EndGlobalSection
	GlobalSection(ProjectConfigurationPlatforms) = postSolution
		{96CA9837-F7B2-4835-BCF9-40D8C8D4981E}.Debug|Any CPU.ActiveCfg = Debug|Any CPU
		{96CA9837-F7B2-4835-BCF9-40D8C8D4981E}.Debug|Any CPU.Build.0 = Debug|Any CPU
		{96CA9837-F7B2-4835-BCF9-40D8C8D4981E}.Debug|x64.ActiveCfg = Debug|Any CPU
		{96CA9837-F7B2-4835-BCF9-40D8C8D4981E}.Debug|x64.Build.0 = Debug|Any CPU
		{96CA9837-F7B2-4835-BCF9-40D8C8D4981E}.Debug|x86.ActiveCfg = Debug|Any CPU
		{96CA9837-F7B2-4835-BCF9-40D8C8D4981E}.Debug|x86.Build.0 = Debug|Any CPU
		{96CA9837-F7B2-4835-BCF9-40D8C8D4981E}.Release|Any CPU.ActiveCfg = Release|Any CPU
		{96CA9837-F7B2-4835-BCF9-40D8C8D4981E}.Release|Any CPU.Build.0 = Release|Any CPU
		{96CA9837-F7B2-4835-BCF9-40D8C8D4981E}.Release|x64.ActiveCfg = Release|Any CPU
		{96CA9837-F7B2-4835-BCF9-40D8C8D4981E}.Release|x64.Build.0 = Release|Any CPU
		{96CA9837-F7B2-4835-BCF9-40D8C8D4981E}.Release|x86.ActiveCfg = Release|Any CPU
		{96CA9837-F7B2-4835-BCF9-40D8C8D4981E}.Release|x86.Build.0 = Release|Any CPU
		{C47F32FA-4C04-4143-B4FE-623D4B014D0D}.Debug|Any CPU.ActiveCfg = Debug|Any CPU
		{C47F32FA-4C04-4143-B4FE-623D4B014D0D}.Debug|Any CPU.Build.0 = Debug|Any CPU
		{C47F32FA-4C04-4143-B4FE-623D4B014D0D}.Debug|x64.ActiveCfg = Debug|Any CPU
		{C47F32FA-4C04-4143-B4FE-623D4B014D0D}.Debug|x64.Build.0 = Debug|Any CPU
		{C47F32FA-4C04-4143-B4FE-623D4B014D0D}.Debug|x86.ActiveCfg = Debug|Any CPU
		{C47F32FA-4C04-4143-B4FE-623D4B014D0D}.Debug|x86.Build.0 = Debug|Any CPU
		{C47F32FA-4C04-4143-B4FE-623D4B014D0D}.Release|Any CPU.ActiveCfg = Release|Any CPU
		{C47F32FA-4C04-4143-B4FE-623D4B014D0D}.Release|Any CPU.Build.0 = Release|Any CPU
		{C47F32FA-4C04-4143-B4FE-623D4B014D0D}.Release|x64.ActiveCfg = Release|Any CPU
		{C47F32FA-4C04-4143-B4FE-623D4B014D0D}.Release|x64.Build.0 = Release|Any CPU
		{C47F32FA-4C04-4143-B4FE-623D4B014D0D}.Release|x86.ActiveCfg = Release|Any CPU
		{C47F32FA-4C04-4143-B4FE-623D4B014D0D}.Release|x86.Build.0 = Release|Any CPU
	EndGlobalSection
	GlobalSection(SolutionProperties) = preSolution
		HideSolutionNode = FALSE
	EndGlobalSection
	GlobalSection(ExtensibilityGlobals) = postSolution
		SolutionGuid = {0A1E6870-A7CB-4165-960E-81486A3F1A0D}
	EndGlobalSection
EndGlobal
